
Microsoft Visual Studio Solution File, Format Version 12.00
# Visual Studio Version 17
VisualStudioVersion = 17.3.32901.215
MinimumVisualStudioVersion = 10.0.40219.1
Project("{FAE04EC0-301F-11D3-BF4B-00C04F79EFBC}") = "PollyPlayground.ResponseService", "PollyPlayground.ResponseService\PollyPlayground.ResponseService.csproj", "{14361F47-76AA-42F0-AC08-B829B2E09AAF}"
EndProject
Project("{FAE04EC0-301F-11D3-BF4B-00C04F79EFBC}") = "PollyPlayground.RequestService", "PollyPlayground.RequestService\PollyPlayground.RequestService.csproj", "{34277EE1-A3D7-4939-9303-A88500D69E9D}"
EndProject
Global
	GlobalSection(SolutionConfigurationPlatforms) = preSolution
		Debug|Any CPU = Debug|Any CPU
		Release|Any CPU = Release|Any CPU
	EndGlobalSection
	GlobalSection(ProjectConfigurationPlatforms) = postSolution
		{14361F47-76AA-42F0-AC08-B829B2E09AAF}.Debug|Any CPU.ActiveCfg = Debug|Any CPU
		{14361F47-76AA-42F0-AC08-B829B2E09AAF}.Debug|Any CPU.Build.0 = Debug|Any CPU
		{14361F47-76AA-42F0-AC08-B829B2E09AAF}.Release|Any CPU.ActiveCfg = Release|Any CPU
		{14361F47-76AA-42F0-AC08-B829B2E09AAF}.Release|Any CPU.Build.0 = Release|Any CPU
		{34277EE1-A3D7-4939-9303-A88500D69E9D}.Debug|Any CPU.ActiveCfg = Debug|Any CPU
		{34277EE1-A3D7-4939-9303-A88500D69E9D}.Debug|Any CPU.Build.0 = Debug|Any CPU
		{34277EE1-A3D7-4939-9303-A88500D69E9D}.Release|Any CPU.ActiveCfg = Release|Any CPU
		{34277EE1-A3D7-4939-9303-A88500D69E9D}.Release|Any CPU.Build.0 = Release|Any CPU
	EndGlobalSection
	GlobalSection(SolutionProperties) = preSolution
		HideSolutionNode = FALSE
	EndGlobalSection
	GlobalSection(ExtensibilityGlobals) = postSolution
		SolutionGuid = {3D8F6DC8-569B-41A7-9059-F123B25CCE9A}
	EndGlobalSection
EndGlobal
